// !$*UTF8*$!
{
	archiveVersion = 1;
	classes = {
	};
	objectVersion = 55;
	objects = {

/* Begin PBXBuildFile section */
		D307FF2D2954056900ABD523 /* AppDelegate.swift in Sources */ = {isa = PBXBuildFile; fileRef = D307FF2C2954056900ABD523 /* AppDelegate.swift */; };
		D307FF2F2954056900ABD523 /* SceneDelegate.swift in Sources */ = {isa = PBXBuildFile; fileRef = D307FF2E2954056900ABD523 /* SceneDelegate.swift */; };
		D307FF312954056900ABD523 /* ViewController.swift in Sources */ = {isa = PBXBuildFile; fileRef = D307FF302954056900ABD523 /* ViewController.swift */; };
		D307FF342954056900ABD523 /* Main.storyboard in Resources */ = {isa = PBXBuildFile; fileRef = D307FF322954056900ABD523 /* Main.storyboard */; };
		D307FF372954056900ABD523 /* TextFieldEmailAndPasswordLOgingbutton.xcdatamodeld in Sources */ = {isa = PBXBuildFile; fileRef = D307FF352954056900ABD523 /* TextFieldEmailAndPasswordLOgingbutton.xcdatamodeld */; };
		D307FF392954056A00ABD523 /* Assets.xcassets in Resources */ = {isa = PBXBuildFile; fileRef = D307FF382954056A00ABD523 /* Assets.xcassets */; };
		D307FF3C2954056A00ABD523 /* LaunchScreen.storyboard in Resources */ = {isa = PBXBuildFile; fileRef = D307FF3A2954056A00ABD523 /* LaunchScreen.storyboard */; };
/* End PBXBuildFile section */

/* Begin PBXFileReference section */
		D307FF292954056900ABD523 /* TextFieldEmailAndPasswordLOgingbutton.app */ = {isa = PBXFileReference; explicitFileType = wrapper.application; includeInIndex = 0; path = TextFieldEmailAndPasswordLOgingbutton.app; sourceTree = BUILT_PRODUCTS_DIR; };
		D307FF2C2954056900ABD523 /* AppDelegate.swift */ = {isa = PBXFileReference; lastKnownFileType = sourcecode.swift; path = AppDelegate.swift; sourceTree = "<group>"; };
		D307FF2E2954056900ABD523 /* SceneDelegate.swift */ = {isa = PBXFileReference; lastKnownFileType = sourcecode.swift; path = SceneDelegate.swift; sourceTree = "<group>"; };
		D307FF302954056900ABD523 /* ViewController.swift */ = {isa = PBXFileReference; lastKnownFileType = sourcecode.swift; path = ViewController.swift; sourceTree = "<group>"; };
		D307FF332954056900ABD523 /* Base */ = {isa = PBXFileReference; lastKnownFileType = file.storyboard; name = Base; path = Base.lproj/Main.storyboard; sourceTree = "<group>"; };
		D307FF362954056900ABD523 /* TextFieldEmailAndPasswordLOgingbutton.xcdatamodel */ = {isa = PBXFileReference; lastKnownFileType = wrapper.xcdatamodel; path = TextFieldEmailAndPasswordLOgingbutton.xcdatamodel; sourceTree = "<group>"; };
		D307FF382954056A00ABD523 /* Assets.xcassets */ = {isa = PBXFileReference; lastKnownFileType = folder.assetcatalog; path = Assets.xcassets; sourceTree = "<group>"; };
		D307FF3B2954056A00ABD523 /* Base */ = {isa = PBXFileReference; lastKnownFileType = file.storyboard; name = Base; path = Base.lproj/LaunchScreen.storyboard; sourceTree = "<group>"; };
		D307FF3D2954056A00ABD523 /* Info.plist */ = {isa = PBXFileReference; lastKnownFileType = text.plist.xml; path = Info.plist; sourceTree = "<group>"; };
/* End PBXFileReference section */

/* Begin PBXFrameworksBuildPhase section */
		D307FF262954056900ABD523 /* Frameworks */ = {
			isa = PBXFrameworksBuildPhase;
			buildActionMask = 2147483647;
			files = (
			);
			runOnlyForDeploymentPostprocessing = 0;
		};
/* End PBXFrameworksBuildPhase section */

/* Begin PBXGroup section */
		D307FF202954056900ABD523 = {
			isa = PBXGroup;
			children = (
				D307FF2B2954056900ABD523 /* TextFieldEmailAndPasswordLOgingbutton */,
				D307FF2A2954056900ABD523 /* Products */,
			);
			sourceTree = "<group>";
		};
		D307FF2A2954056900ABD523 /* Products */ = {
			isa = PBXGroup;
			children = (
				D307FF292954056900ABD523 /* TextFieldEmailAndPasswordLOgingbutton.app */,
			);
			name = Products;
			sourceTree = "<group>";
		};
		D307FF2B2954056900ABD523 /* TextFieldEmailAndPasswordLOgingbutton */ = {
			isa = PBXGroup;
			children = (
				D307FF2C2954056900ABD523 /* AppDelegate.swift */,
				D307FF2E2954056900ABD523 /* SceneDelegate.swift */,
				D307FF302954056900ABD523 /* ViewController.swift */,
				D307FF322954056900ABD523 /* Main.storyboard */,
				D307FF382954056A00ABD523 /* Assets.xcassets */,
				D307FF3A2954056A00ABD523 /* LaunchScreen.storyboard */,
				D307FF3D2954056A00ABD523 /* Info.plist */,
				D307FF352954056900ABD523 /* TextFieldEmailAndPasswordLOgingbutton.xcdatamodeld */,
			);
			path = TextFieldEmailAndPasswordLOgingbutton;
			sourceTree = "<group>";
		};
/* End PBXGroup section */

/* Begin PBXNativeTarget section */
		D307FF282954056900ABD523 /* TextFieldEmailAndPasswordLOgingbutton */ = {
			isa = PBXNativeTarget;
			buildConfigurationList = D307FF402954056A00ABD523 /* Build configuration list for PBXNativeTarget "TextFieldEmailAndPasswordLOgingbutton" */;
			buildPhases = (
				D307FF252954056900ABD523 /* Sources */,
				D307FF262954056900ABD523 /* Frameworks */,
				D307FF272954056900ABD523 /* Resources */,
			);
			buildRules = (
			);
			dependencies = (
			);
			name = TextFieldEmailAndPasswordLOgingbutton;
			productName = TextFieldEmailAndPasswordLOgingbutton;
			productReference = D307FF292954056900ABD523 /* TextFieldEmailAndPasswordLOgingbutton.app */;
			productType = "com.apple.product-type.application";
		};
/* End PBXNativeTarget section */

/* Begin PBXProject section */
		D307FF212954056900ABD523 /* Project object */ = {
			isa = PBXProject;
			attributes = {
				BuildIndependentTargetsInParallel = 1;
				LastSwiftUpdateCheck = 1300;
				LastUpgradeCheck = 1300;
				TargetAttributes = {
					D307FF282954056900ABD523 = {
						CreatedOnToolsVersion = 13.0;
					};
				};
			};
			buildConfigurationList = D307FF242954056900ABD523 /* Build configuration list for PBXProject "TextFieldEmailAndPasswordLOgingbutton" */;
			compatibilityVersion = "Xcode 13.0";
			developmentRegion = en;
			hasScannedForEncodings = 0;
			knownRegions = (
				en,
				Base,
			);
			mainGroup = D307FF202954056900ABD523;
			productRefGroup = D307FF2A2954056900ABD523 /* Products */;
			projectDirPath = "";
			projectRoot = "";
			targets = (
				D307FF282954056900ABD523 /* TextFieldEmailAndPasswordLOgingbutton */,
			);
		};
/* End PBXProject section */

/* Begin PBXResourcesBuildPhase section */
		D307FF272954056900ABD523 /* Resources */ = {
			isa = PBXResourcesBuildPhase;
			buildActionMask = 2147483647;
			files = (
				D307FF3C2954056A00ABD523 /* LaunchScreen.storyboard in Resources */,
				D307FF392954056A00ABD523 /* Assets.xcassets in Resources */,
				D307FF342954056900ABD523 /* Main.storyboard in Resources */,
			);
			runOnlyForDeploymentPostprocessing = 0;
		};
/* End PBXResourcesBuildPhase section */

/* Begin PBXSourcesBuildPhase section */
		D307FF252954056900ABD523 /* Sources */ = {
			isa = PBXSourcesBuildPhase;
			buildActionMask = 2147483647;
			files = (
				D307FF312954056900ABD523 /* ViewController.swift in Sources */,
				D307FF372954056900ABD523 /* TextFieldEmailAndPasswordLOgingbutton.xcdatamodeld in Sources */,
				D307FF2D2954056900ABD523 /* AppDelegate.swift in Sources */,
				D307FF2F2954056900ABD523 /* SceneDelegate.swift in Sources */,
			);
			runOnlyForDeploymentPostprocessing = 0;
		};
/* End PBXSourcesBuildPhase section */

/* Begin PBXVariantGroup section */
		D307FF322954056900ABD523 /* Main.storyboard */ = {
			isa = PBXVariantGroup;
			children = (
				D307FF332954056900ABD523 /* Base */,
			);
			name = Main.storyboard;
			sourceTree = "<group>";
		};
		D307FF3A2954056A00ABD523 /* LaunchScreen.storyboard */ = {
			isa = PBXVariantGroup;
			children = (
				D307FF3B2954056A00ABD523 /* Base */,
			);
			name = LaunchScreen.storyboard;
			sourceTree = "<group>";
		};
/* End PBXVariantGroup section */

/* Begin XCBuildConfiguration section */
		D307FF3E2954056A00ABD523 /* Debug */ = {
			isa = XCBuildConfiguration;
			buildSettings = {
				ALWAYS_SEARCH_USER_PATHS = NO;
				CLANG_ANALYZER_NONNULL = YES;
				CLANG_ANALYZER_NUMBER_OBJECT_CONVERSION = YES_AGGRESSIVE;
				CLANG_CXX_LANGUAGE_STANDARD = "gnu++17";
				CLANG_CXX_LIBRARY = "libc++";
				CLANG_ENABLE_MODULES = YES;
				CLANG_ENABLE_OBJC_ARC = YES;
				CLANG_ENABLE_OBJC_WEAK = YES;
				CLANG_WARN_BLOCK_CAPTURE_AUTORELEASING = YES;
				CLANG_WARN_BOOL_CONVERSION = YES;
				CLANG_WARN_COMMA = YES;
				CLANG_WARN_CONSTANT_CONVERSION = YES;
				CLANG_WARN_DEPRECATED_OBJC_IMPLEMENTATIONS = YES;
				CLANG_WARN_DIRECT_OBJC_ISA_USAGE = YES_ERROR;
				CLANG_WARN_DOCUMENTATION_COMMENTS = YES;
				CLANG_WARN_EMPTY_BODY = YES;
				CLANG_WARN_ENUM_CONVERSION = YES;
				CLANG_WARN_INFINITE_RECURSION = YES;
				CLANG_WARN_INT_CONVERSION = YES;
				CLANG_WARN_NON_LITERAL_NULL_CONVERSION = YES;
				CLANG_WARN_OBJC_IMPLICIT_RETAIN_SELF = YES;
				CLANG_WARN_OBJC_LITERAL_CONVERSION = YES;
				CLANG_WARN_OBJC_ROOT_CLASS = YES_ERROR;
				CLANG_WARN_QUOTED_INCLUDE_IN_FRAMEWORK_HEADER = YES;
				CLANG_WARN_RANGE_LOOP_ANALYSIS = YES;
				CLANG_WARN_STRICT_PROTOTYPES = YES;
				CLANG_WARN_SUSPICIOUS_MOVE = YES;
				CLANG_WARN_UNGUARDED_AVAILABILITY = YES_AGGRESSIVE;
				CLANG_WARN_UNREACHABLE_CODE = YES;
				CLANG_WARN__DUPLICATE_METHOD_MATCH = YES;
				COPY_PHASE_STRIP = NO;
				DEBUG_INFORMATION_FORMAT = dwarf;
				ENABLE_STRICT_OBJC_MSGSEND = YES;
				ENABLE_TESTABILITY = YES;
				GCC_C_LANGUAGE_STANDARD = gnu11;
				GCC_DYNAMIC_NO_PIC = NO;
				GCC_NO_COMMON_BLOCKS = YES;
				GCC_OPTIMIZATION_LEVEL = 0;
				GCC_PREPROCESSOR_DEFINITIONS = (
					"DEBUG=1",
					"$(inherited)",
				);
				GCC_WARN_64_TO_32_BIT_CONVERSION = YES;
				GCC_WARN_ABOUT_RETURN_TYPE = YES_ERROR;
				GCC_WARN_UNDECLARED_SELECTOR = YES;
				GCC_WARN_UNINITIALIZED_AUTOS = YES_AGGRESSIVE;
				GCC_WARN_UNUSED_FUNCTION = YES;
				GCC_WARN_UNUSED_VARIABLE = YES;
				IPHONEOS_DEPLOYMENT_TARGET = 15.0;
				MTL_ENABLE_DEBUG_INFO = INCLUDE_SOURCE;
				MTL_FAST_MATH = YES;
				ONLY_ACTIVE_ARCH = YES;
				SDKROOT = iphoneos;
				SWIFT_ACTIVE_COMPILATION_CONDITIONS = DEBUG;
				SWIFT_OPTIMIZATION_LEVEL = "-Onone";
			};
			name = Debug;
		};
		D307FF3F2954056A00ABD523 /* Release */ = {
			isa = XCBuildConfiguration;
			buildSettings = {
				ALWAYS_SEARCH_USER_PATHS = NO;
				CLANG_ANALYZER_NONNULL = YES;
				CLANG_ANALYZER_NUMBER_OBJECT_CONVERSION = YES_AGGRESSIVE;
				CLANG_CXX_LANGUAGE_STANDARD = "gnu++17";
				CLANG_CXX_LIBRARY = "libc++";
				CLANG_ENABLE_MODULES = YES;
				CLANG_ENABLE_OBJC_ARC = YES;
				CLANG_ENABLE_OBJC_WEAK = YES;
				CLANG_WARN_BLOCK_CAPTURE_AUTORELEASING = YES;
				CLANG_WARN_BOOL_CONVERSION = YES;
				CLANG_WARN_COMMA = YES;
				CLANG_WARN_CONSTANT_CONVERSION = YES;
				CLANG_WARN_DEPRECATED_OBJC_IMPLEMENTATIONS = YES;
				CLANG_WARN_DIRECT_OBJC_ISA_USAGE = YES_ERROR;
				CLANG_WARN_DOCUMENTATION_COMMENTS = YES;
				CLANG_WARN_EMPTY_BODY = YES;
				CLANG_WARN_ENUM_CONVERSION = YES;
				CLANG_WARN_INFINITE_RECURSION = YES;
				CLANG_WARN_INT_CONVERSION = YES;
				CLANG_WARN_NON_LITERAL_NULL_CONVERSION = YES;
				CLANG_WARN_OBJC_IMPLICIT_RETAIN_SELF = YES;
				CLANG_WARN_OBJC_LITERAL_CONVERSION = YES;
				CLANG_WARN_OBJC_ROOT_CLASS = YES_ERROR;
				CLANG_WARN_QUOTED_INCLUDE_IN_FRAMEWORK_HEADER = YES;
				CLANG_WARN_RANGE_LOOP_ANALYSIS = YES;
				CLANG_WARN_STRICT_PROTOTYPES = YES;
				CLANG_WARN_SUSPICIOUS_MOVE = YES;
				CLANG_WARN_UNGUARDED_AVAILABILITY = YES_AGGRESSIVE;
				CLANG_WARN_UNREACHABLE_CODE = YES;
				CLANG_WARN__DUPLICATE_METHOD_MATCH = YES;
				COPY_PHASE_STRIP = NO;
				DEBUG_INFORMATION_FORMAT = "dwarf-with-dsym";
				ENABLE_NS_ASSERTIONS = NO;
				ENABLE_STRICT_OBJC_MSGSEND = YES;
				GCC_C_LANGUAGE_STANDARD = gnu11;
				GCC_NO_COMMON_BLOCKS = YES;
				GCC_WARN_64_TO_32_BIT_CONVERSION = YES;
				GCC_WARN_ABOUT_RETURN_TYPE = YES_ERROR;
				GCC_WARN_UNDECLARED_SELECTOR = YES;
				GCC_WARN_UNINITIALIZED_AUTOS = YES_AGGRESSIVE;
				GCC_WARN_UNUSED_FUNCTION = YES;
				GCC_WARN_UNUSED_VARIABLE = YES;
				IPHONEOS_DEPLOYMENT_TARGET = 15.0;
				MTL_ENABLE_DEBUG_INFO = NO;
				MTL_FAST_MATH = YES;
				SDKROOT = iphoneos;
				SWIFT_COMPILATION_MODE = wholemodule;
				SWIFT_OPTIMIZATION_LEVEL = "-O";
				VALIDATE_PRODUCT = YES;
			};
			name = Release;
		};
		D307FF412954056A00ABD523 /* Debug */ = {
			isa = XCBuildConfiguration;
			buildSettings = {
				ASSETCATALOG_COMPILER_APPICON_NAME = AppIcon;
				ASSETCATALOG_COMPILER_GLOBAL_ACCENT_COLOR_NAME = AccentColor;
				CODE_SIGN_STYLE = Automatic;
				CURRENT_PROJECT_VERSION = 1;
				GENERATE_INFOPLIST_FILE = YES;
				INFOPLIST_FILE = TextFieldEmailAndPasswordLOgingbutton/Info.plist;
				INFOPLIST_KEY_UIApplicationSupportsIndirectInputEvents = YES;
				INFOPLIST_KEY_UILaunchStoryboardName = LaunchScreen;
				INFOPLIST_KEY_UIMainStoryboardFile = Main;
				INFOPLIST_KEY_UISupportedInterfaceOrientations_iPad = "UIInterfaceOrientationPortrait UIInterfaceOrientationPortraitUpsideDown UIInterfaceOrientationLandscapeLeft UIInterfaceOrientationLandscapeRight";
				INFOPLIST_KEY_UISupportedInterfaceOrientations_iPhone = "UIInterfaceOrientationPortrait UIInterfaceOrientationLandscapeLeft UIInterfaceOrientationLandscapeRight";
				LD_RUNPATH_SEARCH_PATHS = (
					"$(inherited)",
					"@executable_path/Frameworks",
				);
				MARKETING_VERSION = 1.0;
				PRODUCT_BUNDLE_IDENTIFIER = com.kaushik.TextFieldEmailAndPasswordLOgingbutton;
				PRODUCT_NAME = "$(TARGET_NAME)";
				SWIFT_EMIT_LOC_STRINGS = YES;
				SWIFT_VERSION = 5.0;
				TARGETED_DEVICE_FAMILY = "1,2";
			};
			name = Debug;
		};
		D307FF422954056A00ABD523 /* Release */ = {
			isa = XCBuildConfiguration;
			buildSettings = {
				ASSETCATALOG_COMPILER_APPICON_NAME = AppIcon;
				ASSETCATALOG_COMPILER_GLOBAL_ACCENT_COLOR_NAME = AccentColor;
				CODE_SIGN_STYLE = Automatic;
				CURRENT_PROJECT_VERSION = 1;
				GENERATE_INFOPLIST_FILE = YES;
				INFOPLIST_FILE = TextFieldEmailAndPasswordLOgingbutton/Info.plist;
				INFOPLIST_KEY_UIApplicationSupportsIndirectInputEvents = YES;
				INFOPLIST_KEY_UILaunchStoryboardName = LaunchScreen;
				INFOPLIST_KEY_UIMainStoryboardFile = Main;
				INFOPLIST_KEY_UISupportedInterfaceOrientations_iPad = "UIInterfaceOrientationPortrait UIInterfaceOrientationPortraitUpsideDown UIInterfaceOrientationLandscapeLeft UIInterfaceOrientationLandscapeRight";
				INFOPLIST_KEY_UISupportedInterfaceOrientations_iPhone = "UIInterfaceOrientationPortrait UIInterfaceOrientationLandscapeLeft UIInterfaceOrientationLandscapeRight";
				LD_RUNPATH_SEARCH_PATHS = (
					"$(inherited)",
					"@executable_path/Frameworks",
				);
				MARKETING_VERSION = 1.0;
				PRODUCT_BUNDLE_IDENTIFIER = com.kaushik.TextFieldEmailAndPasswordLOgingbutton;
				PRODUCT_NAME = "$(TARGET_NAME)";
				SWIFT_EMIT_LOC_STRINGS = YES;
				SWIFT_VERSION = 5.0;
				TARGETED_DEVICE_FAMILY = "1,2";
			};
			name = Release;
		};
/* End XCBuildConfiguration section */

/* Begin XCConfigurationList section */
		D307FF242954056900ABD523 /* Build configuration list for PBXProject "TextFieldEmailAndPasswordLOgingbutton" */ = {
			isa = XCConfigurationList;
			buildConfigurations = (
				D307FF3E2954056A00ABD523 /* Debug */,
				D307FF3F2954056A00ABD523 /* Release */,
			);
			defaultConfigurationIsVisible = 0;
			defaultConfigurationName = Release;
		};
		D307FF402954056A00ABD523 /* Build configuration list for PBXNativeTarget "TextFieldEmailAndPasswordLOgingbutton" */ = {
			isa = XCConfigurationList;
			buildConfigurations = (
				D307FF412954056A00ABD523 /* Debug */,
				D307FF422954056A00ABD523 /* Release */,
			);
			defaultConfigurationIsVisible = 0;
			defaultConfigurationName = Release;
		};
/* End XCConfigurationList section */

/* Begin XCVersionGroup section */
		D307FF352954056900ABD523 /* TextFieldEmailAndPasswordLOgingbutton.xcdatamodeld */ = {
			isa = XCVersionGroup;
			children = (
				D307FF362954056900ABD523 /* TextFieldEmailAndPasswordLOgingbutton.xcdatamodel */,
			);
			currentVersion = D307FF362954056900ABD523 /* TextFieldEmailAndPasswordLOgingbutton.xcdatamodel */;
			path = TextFieldEmailAndPasswordLOgingbutton.xcdatamodeld;
			sourceTree = "<group>";
			versionGroupType = wrapper.xcdatamodel;
		};
/* End XCVersionGroup section */
	};
	rootObject = D307FF212954056900ABD523 /* Project object */;
}
